
Microsoft Visual Studio Solution File, Format Version 12.00
# Visual Studio Version 17
VisualStudioVersion = 17.0.31903.59
MinimumVisualStudioVersion = 10.0.40219.1
Project("{2150E333-8FDC-42A3-9474-1A3956D46DE8}") = "src", "src", "{827E0CD3-B72D-47B6-A68D-7590B98EB39B}"
EndProject
Project("{FAE04EC0-301F-11D3-BF4B-00C04F79EFBC}") = "AuctionService", "src\AuctionService\AuctionService.csproj", "{ECD491B6-75A8-40F9-9B46-40D7840A0288}"
EndProject
Project("{FAE04EC0-301F-11D3-BF4B-00C04F79EFBC}") = "SearchService", "src\SearchService\SearchService.csproj", "{BF4B911C-C210-43EA-83B8-A95B4C1EC78D}"
EndProject
Project("{FAE04EC0-301F-11D3-BF4B-00C04F79EFBC}") = "Contracts", "src\Contracts\Contracts.csproj", "{BF534BBD-EC14-49F0-A06A-8AD33392B259}"
EndProject
Project("{FAE04EC0-301F-11D3-BF4B-00C04F79EFBC}") = "IdentityService", "src\IdentityService\IdentityService.csproj", "{FF1E15CC-B6F5-46D6-A845-5689819D6140}"
EndProject
Global
	GlobalSection(SolutionConfigurationPlatforms) = preSolution
		Debug|Any CPU = Debug|Any CPU
		Debug|x64 = Debug|x64
		Debug|x86 = Debug|x86
		Release|Any CPU = Release|Any CPU
		Release|x64 = Release|x64
		Release|x86 = Release|x86
	EndGlobalSection
	GlobalSection(ProjectConfigurationPlatforms) = postSolution
		{ECD491B6-75A8-40F9-9B46-40D7840A0288}.Debug|Any CPU.ActiveCfg = Debug|Any CPU
		{ECD491B6-75A8-40F9-9B46-40D7840A0288}.Debug|Any CPU.Build.0 = Debug|Any CPU
		{ECD491B6-75A8-40F9-9B46-40D7840A0288}.Debug|x64.ActiveCfg = Debug|Any CPU
		{ECD491B6-75A8-40F9-9B46-40D7840A0288}.Debug|x64.Build.0 = Debug|Any CPU
		{ECD491B6-75A8-40F9-9B46-40D7840A0288}.Debug|x86.ActiveCfg = Debug|Any CPU
		{ECD491B6-75A8-40F9-9B46-40D7840A0288}.Debug|x86.Build.0 = Debug|Any CPU
		{ECD491B6-75A8-40F9-9B46-40D7840A0288}.Release|Any CPU.ActiveCfg = Release|Any CPU
		{ECD491B6-75A8-40F9-9B46-40D7840A0288}.Release|Any CPU.Build.0 = Release|Any CPU
		{ECD491B6-75A8-40F9-9B46-40D7840A0288}.Release|x64.ActiveCfg = Release|Any CPU
		{ECD491B6-75A8-40F9-9B46-40D7840A0288}.Release|x64.Build.0 = Release|Any CPU
		{ECD491B6-75A8-40F9-9B46-40D7840A0288}.Release|x86.ActiveCfg = Release|Any CPU
		{ECD491B6-75A8-40F9-9B46-40D7840A0288}.Release|x86.Build.0 = Release|Any CPU
		{BF4B911C-C210-43EA-83B8-A95B4C1EC78D}.Debug|Any CPU.ActiveCfg = Debug|Any CPU
		{BF4B911C-C210-43EA-83B8-A95B4C1EC78D}.Debug|Any CPU.Build.0 = Debug|Any CPU
		{BF4B911C-C210-43EA-83B8-A95B4C1EC78D}.Debug|x64.ActiveCfg = Debug|Any CPU
		{BF4B911C-C210-43EA-83B8-A95B4C1EC78D}.Debug|x64.Build.0 = Debug|Any CPU
		{BF4B911C-C210-43EA-83B8-A95B4C1EC78D}.Debug|x86.ActiveCfg = Debug|Any CPU
		{BF4B911C-C210-43EA-83B8-A95B4C1EC78D}.Debug|x86.Build.0 = Debug|Any CPU
		{BF4B911C-C210-43EA-83B8-A95B4C1EC78D}.Release|Any CPU.ActiveCfg = Release|Any CPU
		{BF4B911C-C210-43EA-83B8-A95B4C1EC78D}.Release|Any CPU.Build.0 = Release|Any CPU
		{BF4B911C-C210-43EA-83B8-A95B4C1EC78D}.Release|x64.ActiveCfg = Release|Any CPU
		{BF4B911C-C210-43EA-83B8-A95B4C1EC78D}.Release|x64.Build.0 = Release|Any CPU
		{BF4B911C-C210-43EA-83B8-A95B4C1EC78D}.Release|x86.ActiveCfg = Release|Any CPU
		{BF4B911C-C210-43EA-83B8-A95B4C1EC78D}.Release|x86.Build.0 = Release|Any CPU
		{BF534BBD-EC14-49F0-A06A-8AD33392B259}.Debug|Any CPU.ActiveCfg = Debug|Any CPU
		{BF534BBD-EC14-49F0-A06A-8AD33392B259}.Debug|Any CPU.Build.0 = Debug|Any CPU
		{BF534BBD-EC14-49F0-A06A-8AD33392B259}.Debug|x64.ActiveCfg = Debug|Any CPU
		{BF534BBD-EC14-49F0-A06A-8AD33392B259}.Debug|x64.Build.0 = Debug|Any CPU
		{BF534BBD-EC14-49F0-A06A-8AD33392B259}.Debug|x86.ActiveCfg = Debug|Any CPU
		{BF534BBD-EC14-49F0-A06A-8AD33392B259}.Debug|x86.Build.0 = Debug|Any CPU
		{BF534BBD-EC14-49F0-A06A-8AD33392B259}.Release|Any CPU.ActiveCfg = Release|Any CPU
		{BF534BBD-EC14-49F0-A06A-8AD33392B259}.Release|Any CPU.Build.0 = Release|Any CPU
		{BF534BBD-EC14-49F0-A06A-8AD33392B259}.Release|x64.ActiveCfg = Release|Any CPU
		{BF534BBD-EC14-49F0-A06A-8AD33392B259}.Release|x64.Build.0 = Release|Any CPU
		{BF534BBD-EC14-49F0-A06A-8AD33392B259}.Release|x86.ActiveCfg = Release|Any CPU
		{BF534BBD-EC14-49F0-A06A-8AD33392B259}.Release|x86.Build.0 = Release|Any CPU
		{FF1E15CC-B6F5-46D6-A845-5689819D6140}.Debug|Any CPU.ActiveCfg = Debug|Any CPU
		{FF1E15CC-B6F5-46D6-A845-5689819D6140}.Debug|Any CPU.Build.0 = Debug|Any CPU
		{FF1E15CC-B6F5-46D6-A845-5689819D6140}.Debug|x64.ActiveCfg = Debug|Any CPU
		{FF1E15CC-B6F5-46D6-A845-5689819D6140}.Debug|x64.Build.0 = Debug|Any CPU
		{FF1E15CC-B6F5-46D6-A845-5689819D6140}.Debug|x86.ActiveCfg = Debug|Any CPU
		{FF1E15CC-B6F5-46D6-A845-5689819D6140}.Debug|x86.Build.0 = Debug|Any CPU
		{FF1E15CC-B6F5-46D6-A845-5689819D6140}.Release|Any CPU.ActiveCfg = Release|Any CPU
		{FF1E15CC-B6F5-46D6-A845-5689819D6140}.Release|Any CPU.Build.0 = Release|Any CPU
		{FF1E15CC-B6F5-46D6-A845-5689819D6140}.Release|x64.ActiveCfg = Release|Any CPU
		{FF1E15CC-B6F5-46D6-A845-5689819D6140}.Release|x64.Build.0 = Release|Any CPU
		{FF1E15CC-B6F5-46D6-A845-5689819D6140}.Release|x86.ActiveCfg = Release|Any CPU
		{FF1E15CC-B6F5-46D6-A845-5689819D6140}.Release|x86.Build.0 = Release|Any CPU
	EndGlobalSection
	GlobalSection(SolutionProperties) = preSolution
		HideSolutionNode = FALSE
	EndGlobalSection
	GlobalSection(NestedProjects) = preSolution
		{ECD491B6-75A8-40F9-9B46-40D7840A0288} = {827E0CD3-B72D-47B6-A68D-7590B98EB39B}
		{BF4B911C-C210-43EA-83B8-A95B4C1EC78D} = {827E0CD3-B72D-47B6-A68D-7590B98EB39B}
		{BF534BBD-EC14-49F0-A06A-8AD33392B259} = {827E0CD3-B72D-47B6-A68D-7590B98EB39B}
		{FF1E15CC-B6F5-46D6-A845-5689819D6140} = {827E0CD3-B72D-47B6-A68D-7590B98EB39B}
	EndGlobalSection
EndGlobal
